// !$*UTF8*$!
{
	archiveVersion = 1;
	classes = {
	};
	objectVersion = 52;
	objects = {

/* Begin PBXBuildFile section */
		70AAED69238F1CDD0011B9B8 /* AppDelegate.swift in Sources */ = {isa = PBXBuildFile; fileRef = 70AAED68238F1CDD0011B9B8 /* AppDelegate.swift */; };
		70AAED6B238F1CDD0011B9B8 /* ViewController.swift in Sources */ = {isa = PBXBuildFile; fileRef = 70AAED6A238F1CDD0011B9B8 /* ViewController.swift */; };
		70AAED6D238F1CDE0011B9B8 /* Assets.xcassets in Resources */ = {isa = PBXBuildFile; fileRef = 70AAED6C238F1CDE0011B9B8 /* Assets.xcassets */; };
		70AAED70238F1CDE0011B9B8 /* Main.storyboard in Resources */ = {isa = PBXBuildFile; fileRef = 70AAED6E238F1CDE0011B9B8 /* Main.storyboard */; };
		70AAED7A238F20020011B9B8 /* SwiftSerial in Frameworks */ = {isa = PBXBuildFile; productRef = 70AAED79238F20020011B9B8 /* SwiftSerial */; };
/* End PBXBuildFile section */

/* Begin PBXFileReference section */
		70AAED65238F1CDD0011B9B8 /* ATCommander.app */ = {isa = PBXFileReference; explicitFileType = wrapper.application; includeInIndex = 0; path = ATCommander.app; sourceTree = BUILT_PRODUCTS_DIR; };
		70AAED68238F1CDD0011B9B8 /* AppDelegate.swift */ = {isa = PBXFileReference; lastKnownFileType = sourcecode.swift; path = AppDelegate.swift; sourceTree = "<group>"; };
		70AAED6A238F1CDD0011B9B8 /* ViewController.swift */ = {isa = PBXFileReference; lastKnownFileType = sourcecode.swift; path = ViewController.swift; sourceTree = "<group>"; };
		70AAED6C238F1CDE0011B9B8 /* Assets.xcassets */ = {isa = PBXFileReference; lastKnownFileType = folder.assetcatalog; path = Assets.xcassets; sourceTree = "<group>"; };
		70AAED6F238F1CDE0011B9B8 /* Base */ = {isa = PBXFileReference; lastKnownFileType = file.storyboard; name = Base; path = Base.lproj/Main.storyboard; sourceTree = "<group>"; };
		70AAED71238F1CDE0011B9B8 /* Info.plist */ = {isa = PBXFileReference; lastKnownFileType = text.plist.xml; path = Info.plist; sourceTree = "<group>"; };
		70AAED72238F1CDE0011B9B8 /* ATCommander.entitlements */ = {isa = PBXFileReference; lastKnownFileType = text.plist.entitlements; path = ATCommander.entitlements; sourceTree = "<group>"; };
/* End PBXFileReference section */

/* Begin PBXFrameworksBuildPhase section */
		70AAED62238F1CDD0011B9B8 /* Frameworks */ = {
			isa = PBXFrameworksBuildPhase;
			buildActionMask = 2147483647;
			files = (
				70AAED7A238F20020011B9B8 /* SwiftSerial in Frameworks */,
			);
			runOnlyForDeploymentPostprocessing = 0;
		};
/* End PBXFrameworksBuildPhase section */

/* Begin PBXGroup section */
		70AAED5C238F1CDD0011B9B8 = {
			isa = PBXGroup;
			children = (
				70AAED67238F1CDD0011B9B8 /* ATCommander */,
				70AAED66238F1CDD0011B9B8 /* Products */,
			);
			sourceTree = "<group>";
		};
		70AAED66238F1CDD0011B9B8 /* Products */ = {
			isa = PBXGroup;
			children = (
				70AAED65238F1CDD0011B9B8 /* ATCommander.app */,
			);
			name = Products;
			sourceTree = "<group>";
		};
		70AAED67238F1CDD0011B9B8 /* ATCommander */ = {
			isa = PBXGroup;
			children = (
				70AAED68238F1CDD0011B9B8 /* AppDelegate.swift */,
				70AAED6A238F1CDD0011B9B8 /* ViewController.swift */,
				70AAED6C238F1CDE0011B9B8 /* Assets.xcassets */,
				70AAED6E238F1CDE0011B9B8 /* Main.storyboard */,
				70AAED71238F1CDE0011B9B8 /* Info.plist */,
				70AAED72238F1CDE0011B9B8 /* ATCommander.entitlements */,
			);
			path = ATCommander;
			sourceTree = "<group>";
		};
/* End PBXGroup section */

/* Begin PBXNativeTarget section */
		70AAED64238F1CDD0011B9B8 /* ATCommander */ = {
			isa = PBXNativeTarget;
			buildConfigurationList = 70AAED75238F1CDE0011B9B8 /* Build configuration list for PBXNativeTarget "ATCommander" */;
			buildPhases = (
				70AAED61238F1CDD0011B9B8 /* Sources */,
				70AAED62238F1CDD0011B9B8 /* Frameworks */,
				70AAED63238F1CDD0011B9B8 /* Resources */,
			);
			buildRules = (
			);
			dependencies = (
			);
			name = ATCommander;
			packageProductDependencies = (
				70AAED79238F20020011B9B8 /* SwiftSerial */,
			);
			productName = ATCommander;
			productReference = 70AAED65238F1CDD0011B9B8 /* ATCommander.app */;
			productType = "com.apple.product-type.application";
		};
/* End PBXNativeTarget section */

/* Begin PBXProject section */
		70AAED5D238F1CDD0011B9B8 /* Project object */ = {
			isa = PBXProject;
			attributes = {
				LastSwiftUpdateCheck = 1120;
				LastUpgradeCheck = 1220;
				ORGANIZATIONNAME = Donn;
				TargetAttributes = {
					70AAED64238F1CDD0011B9B8 = {
						CreatedOnToolsVersion = 11.2.1;
					};
				};
			};
			buildConfigurationList = 70AAED60238F1CDD0011B9B8 /* Build configuration list for PBXProject "ATCommander" */;
			compatibilityVersion = "Xcode 9.3";
			developmentRegion = en;
			hasScannedForEncodings = 0;
			knownRegions = (
				en,
				Base,
			);
			mainGroup = 70AAED5C238F1CDD0011B9B8;
			packageReferences = (
				70AAED78238F20020011B9B8 /* XCRemoteSwiftPackageReference "SwiftSerial" */,
			);
			productRefGroup = 70AAED66238F1CDD0011B9B8 /* Products */;
			projectDirPath = "";
			projectRoot = "";
			targets = (
				70AAED64238F1CDD0011B9B8 /* ATCommander */,
			);
		};
/* End PBXProject section */

/* Begin PBXResourcesBuildPhase section */
		70AAED63238F1CDD0011B9B8 /* Resources */ = {
			isa = PBXResourcesBuildPhase;
			buildActionMask = 2147483647;
			files = (
				70AAED6D238F1CDE0011B9B8 /* Assets.xcassets in Resources */,
				70AAED70238F1CDE0011B9B8 /* Main.storyboard in Resources */,
			);
			runOnlyForDeploymentPostprocessing = 0;
		};
/* End PBXResourcesBuildPhase section */

/* Begin PBXSourcesBuildPhase section */
		70AAED61238F1CDD0011B9B8 /* Sources */ = {
			isa = PBXSourcesBuildPhase;
			buildActionMask = 2147483647;
			files = (
				70AAED6B238F1CDD0011B9B8 /* ViewController.swift in Sources */,
				70AAED69238F1CDD0011B9B8 /* AppDelegate.swift in Sources */,
			);
			runOnlyForDeploymentPostprocessing = 0;
		};
/* End PBXSourcesBuildPhase section */

/* Begin PBXVariantGroup section */
		70AAED6E238F1CDE0011B9B8 /* Main.storyboard */ = {
			isa = PBXVariantGroup;
			children = (
				70AAED6F238F1CDE0011B9B8 /* Base */,
			);
			name = Main.storyboard;
			sourceTree = "<group>";
		};
/* End PBXVariantGroup section */

/* Begin XCBuildConfiguration section */
		70AAED73238F1CDE0011B9B8 /* Debug */ = {
			isa = XCBuildConfiguration;
			buildSettings = {
				ALWAYS_SEARCH_USER_PATHS = NO;
				CLANG_ANALYZER_NONNULL = YES;
				CLANG_ANALYZER_NUMBER_OBJECT_CONVERSION = YES_AGGRESSIVE;
				CLANG_CXX_LANGUAGE_STANDARD = "gnu++14";
				CLANG_CXX_LIBRARY = "libc++";
				CLANG_ENABLE_MODULES = YES;
				CLANG_ENABLE_OBJC_ARC = YES;
				CLANG_ENABLE_OBJC_WEAK = YES;
				CLANG_WARN_BLOCK_CAPTURE_AUTORELEASING = YES;
				CLANG_WARN_BOOL_CONVERSION = YES;
				CLANG_WARN_COMMA = YES;
				CLANG_WARN_CONSTANT_CONVERSION = YES;
				CLANG_WARN_DEPRECATED_OBJC_IMPLEMENTATIONS = YES;
				CLANG_WARN_DIRECT_OBJC_ISA_USAGE = YES_ERROR;
				CLANG_WARN_DOCUMENTATION_COMMENTS = YES;
				CLANG_WARN_EMPTY_BODY = YES;
				CLANG_WARN_ENUM_CONVERSION = YES;
				CLANG_WARN_INFINITE_RECURSION = YES;
				CLANG_WARN_INT_CONVERSION = YES;
				CLANG_WARN_NON_LITERAL_NULL_CONVERSION = YES;
				CLANG_WARN_OBJC_IMPLICIT_RETAIN_SELF = YES;
				CLANG_WARN_OBJC_LITERAL_CONVERSION = YES;
				CLANG_WARN_OBJC_ROOT_CLASS = YES_ERROR;
				CLANG_WARN_QUOTED_INCLUDE_IN_FRAMEWORK_HEADER = YES;
				CLANG_WARN_RANGE_LOOP_ANALYSIS = YES;
				CLANG_WARN_STRICT_PROTOTYPES = YES;
				CLANG_WARN_SUSPICIOUS_MOVE = YES;
				CLANG_WARN_UNGUARDED_AVAILABILITY = YES_AGGRESSIVE;
				CLANG_WARN_UNREACHABLE_CODE = YES;
				CLANG_WARN__DUPLICATE_METHOD_MATCH = YES;
				COPY_PHASE_STRIP = NO;
				DEBUG_INFORMATION_FORMAT = dwarf;
				ENABLE_STRICT_OBJC_MSGSEND = YES;
				ENABLE_TESTABILITY = YES;
				GCC_C_LANGUAGE_STANDARD = gnu11;
				GCC_DYNAMIC_NO_PIC = NO;
				GCC_NO_COMMON_BLOCKS = YES;
				GCC_OPTIMIZATION_LEVEL = 0;
				GCC_PREPROCESSOR_DEFINITIONS = (
					"DEBUG=1",
					"$(inherited)",
				);
				GCC_WARN_64_TO_32_BIT_CONVERSION = YES;
				GCC_WARN_ABOUT_RETURN_TYPE = YES_ERROR;
				GCC_WARN_UNDECLARED_SELECTOR = YES;
				GCC_WARN_UNINITIALIZED_AUTOS = YES_AGGRESSIVE;
				GCC_WARN_UNUSED_FUNCTION = YES;
				GCC_WARN_UNUSED_VARIABLE = YES;
				MACOSX_DEPLOYMENT_TARGET = 10.12;
				MTL_ENABLE_DEBUG_INFO = INCLUDE_SOURCE;
				MTL_FAST_MATH = YES;
				ONLY_ACTIVE_ARCH = YES;
				SDKROOT = macosx;
				SWIFT_ACTIVE_COMPILATION_CONDITIONS = DEBUG;
				SWIFT_OPTIMIZATION_LEVEL = "-Onone";
			};
			name = Debug;
		};
		70AAED74238F1CDE0011B9B8 /* Release */ = {
			isa = XCBuildConfiguration;
			buildSettings = {
				ALWAYS_SEARCH_USER_PATHS = NO;
				CLANG_ANALYZER_NONNULL = YES;
				CLANG_ANALYZER_NUMBER_OBJECT_CONVERSION = YES_AGGRESSIVE;
				CLANG_CXX_LANGUAGE_STANDARD = "gnu++14";
				CLANG_CXX_LIBRARY = "libc++";
				CLANG_ENABLE_MODULES = YES;
				CLANG_ENABLE_OBJC_ARC = YES;
				CLANG_ENABLE_OBJC_WEAK = YES;
				CLANG_WARN_BLOCK_CAPTURE_AUTORELEASING = YES;
				CLANG_WARN_BOOL_CONVERSION = YES;
				CLANG_WARN_COMMA = YES;
				CLANG_WARN_CONSTANT_CONVERSION = YES;
				CLANG_WARN_DEPRECATED_OBJC_IMPLEMENTATIONS = YES;
				CLANG_WARN_DIRECT_OBJC_ISA_USAGE = YES_ERROR;
				CLANG_WARN_DOCUMENTATION_COMMENTS = YES;
				CLANG_WARN_EMPTY_BODY = YES;
				CLANG_WARN_ENUM_CONVERSION = YES;
				CLANG_WARN_INFINITE_RECURSION = YES;
				CLANG_WARN_INT_CONVERSION = YES;
				CLANG_WARN_NON_LITERAL_NULL_CONVERSION = YES;
				CLANG_WARN_OBJC_IMPLICIT_RETAIN_SELF = YES;
				CLANG_WARN_OBJC_LITERAL_CONVERSION = YES;
				CLANG_WARN_OBJC_ROOT_CLASS = YES_ERROR;
				CLANG_WARN_QUOTED_INCLUDE_IN_FRAMEWORK_HEADER = YES;
				CLANG_WARN_RANGE_LOOP_ANALYSIS = YES;
				CLANG_WARN_STRICT_PROTOTYPES = YES;
				CLANG_WARN_SUSPICIOUS_MOVE = YES;
				CLANG_WARN_UNGUARDED_AVAILABILITY = YES_AGGRESSIVE;
				CLANG_WARN_UNREACHABLE_CODE = YES;
				CLANG_WARN__DUPLICATE_METHOD_MATCH = YES;
				COPY_PHASE_STRIP = NO;
				DEBUG_INFORMATION_FORMAT = "dwarf-with-dsym";
				ENABLE_NS_ASSERTIONS = NO;
				ENABLE_STRICT_OBJC_MSGSEND = YES;
				GCC_C_LANGUAGE_STANDARD = gnu11;
				GCC_NO_COMMON_BLOCKS = YES;
				GCC_WARN_64_TO_32_BIT_CONVERSION = YES;
				GCC_WARN_ABOUT_RETURN_TYPE = YES_ERROR;
				GCC_WARN_UNDECLARED_SELECTOR = YES;
				GCC_WARN_UNINITIALIZED_AUTOS = YES_AGGRESSIVE;
				GCC_WARN_UNUSED_FUNCTION = YES;
				GCC_WARN_UNUSED_VARIABLE = YES;
				MACOSX_DEPLOYMENT_TARGET = 10.12;
				MTL_ENABLE_DEBUG_INFO = NO;
				MTL_FAST_MATH = YES;
				SDKROOT = macosx;
				SWIFT_COMPILATION_MODE = wholemodule;
				SWIFT_OPTIMIZATION_LEVEL = "-O";
			};
			name = Release;
		};
		70AAED76238F1CDE0011B9B8 /* Debug */ = {
			isa = XCBuildConfiguration;
			buildSettings = {
				ASSETCATALOG_COMPILER_APPICON_NAME = AppIcon;
				CODE_SIGN_ENTITLEMENTS = ATCommander/ATCommander.entitlements;
				CODE_SIGN_IDENTITY = "-";
				CODE_SIGN_STYLE = Automatic;
				COMBINE_HIDPI_IMAGES = YES;
				DEVELOPMENT_TEAM = "";
				INFOPLIST_FILE = ATCommander/Info.plist;
				LD_RUNPATH_SEARCH_PATHS = (
					"$(inherited)",
					"@executable_path/../Frameworks",
				);
				MACOSX_DEPLOYMENT_TARGET = 10.12;
				PRODUCT_BUNDLE_IDENTIFIER = website.donn.ATCommander;
				PRODUCT_NAME = "$(TARGET_NAME)";
				PROVISIONING_PROFILE_SPECIFIER = "";
				SWIFT_VERSION = 5.0;
			};
			name = Debug;
		};
		70AAED77238F1CDE0011B9B8 /* Release */ = {
			isa = XCBuildConfiguration;
			buildSettings = {
				ASSETCATALOG_COMPILER_APPICON_NAME = AppIcon;
				CODE_SIGN_ENTITLEMENTS = ATCommander/ATCommander.entitlements;
				CODE_SIGN_IDENTITY = "-";
				CODE_SIGN_STYLE = Automatic;
				COMBINE_HIDPI_IMAGES = YES;
				DEVELOPMENT_TEAM = "";
				INFOPLIST_FILE = ATCommander/Info.plist;
				LD_RUNPATH_SEARCH_PATHS = (
					"$(inherited)",
					"@executable_path/../Frameworks",
				);
				MACOSX_DEPLOYMENT_TARGET = 10.12;
				PRODUCT_BUNDLE_IDENTIFIER = website.donn.ATCommander;
				PRODUCT_NAME = "$(TARGET_NAME)";
				PROVISIONING_PROFILE_SPECIFIER = "";
				SWIFT_VERSION = 5.0;
			};
			name = Release;
		};
/* End XCBuildConfiguration section */

/* Begin XCConfigurationList section */
		70AAED60238F1CDD0011B9B8 /* Build configuration list for PBXProject "ATCommander" */ = {
			isa = XCConfigurationList;
			buildConfigurations = (
				70AAED73238F1CDE0011B9B8 /* Debug */,
				70AAED74238F1CDE0011B9B8 /* Release */,
			);
			defaultConfigurationIsVisible = 0;
			defaultConfigurationName = Release;
		};
		70AAED75238F1CDE0011B9B8 /* Build configuration list for PBXNativeTarget "ATCommander" */ = {
			isa = XCConfigurationList;
			buildConfigurations = (
				70AAED76238F1CDE0011B9B8 /* Debug */,
				70AAED77238F1CDE0011B9B8 /* Release */,
			);
			defaultConfigurationIsVisible = 0;
			defaultConfigurationName = Release;
		};
/* End XCConfigurationList section */

/* Begin XCRemoteSwiftPackageReference section */
		70AAED78238F20020011B9B8 /* XCRemoteSwiftPackageReference "SwiftSerial" */ = {
			isa = XCRemoteSwiftPackageReference;
			repositoryURL = "https://github.com/yeokm1/SwiftSerial";
			requirement = {
				branch = master;
				kind = branch;
			};
		};
/* End XCRemoteSwiftPackageReference section */

/* Begin XCSwiftPackageProductDependency section */
		70AAED79238F20020011B9B8 /* SwiftSerial */ = {
			isa = XCSwiftPackageProductDependency;
			package = 70AAED78238F20020011B9B8 /* XCRemoteSwiftPackageReference "SwiftSerial" */;
			productName = SwiftSerial;
		};
/* End XCSwiftPackageProductDependency section */
	};
	rootObject = 70AAED5D238F1CDD0011B9B8 /* Project object */;
}
